
Microsoft Visual Studio Solution File, Format Version 12.00
# Visual Studio 14
VisualStudioVersion = 14.0.24720.0
MinimumVisualStudioVersion = 10.0.40219.1
Project("{FAE04EC0-301F-11D3-BF4B-00C04F79EFBC}") = "ImageFontWindow", "ImageFontWindow\ImageFontWindow.csproj", "{049AD98B-3813-4617-AA8B-50F6EC034F57}"
EndProject
Project("{2150E333-8FDC-42A3-9474-1A3956D46DE8}") = "Samples", "Samples", "{8AEE1567-D861-4571-84CF-920E70E1EA96}"
EndProject
Project("{FAE04EC0-301F-11D3-BF4B-00C04F79EFBC}") = "HelloWorld", "Samples\HelloWorld\HelloWorld.csproj", "{3ECE59EA-2E2F-43A0-AF10-8589DDC752FF}"
EndProject
Global
	GlobalSection(SolutionConfigurationPlatforms) = preSolution
		Debug|Any CPU = Debug|Any CPU
		Release|Any CPU = Release|Any CPU
	EndGlobalSection
	GlobalSection(ProjectConfigurationPlatforms) = postSolution
		{049AD98B-3813-4617-AA8B-50F6EC034F57}.Debug|Any CPU.ActiveCfg = Debug|Any CPU
		{049AD98B-3813-4617-AA8B-50F6EC034F57}.Debug|Any CPU.Build.0 = Debug|Any CPU
		{049AD98B-3813-4617-AA8B-50F6EC034F57}.Release|Any CPU.ActiveCfg = Release|Any CPU
		{049AD98B-3813-4617-AA8B-50F6EC034F57}.Release|Any CPU.Build.0 = Release|Any CPU
		{3ECE59EA-2E2F-43A0-AF10-8589DDC752FF}.Debug|Any CPU.ActiveCfg = Debug|Any CPU
		{3ECE59EA-2E2F-43A0-AF10-8589DDC752FF}.Debug|Any CPU.Build.0 = Debug|Any CPU
		{3ECE59EA-2E2F-43A0-AF10-8589DDC752FF}.Release|Any CPU.ActiveCfg = Release|Any CPU
		{3ECE59EA-2E2F-43A0-AF10-8589DDC752FF}.Release|Any CPU.Build.0 = Release|Any CPU
	EndGlobalSection
	GlobalSection(SolutionProperties) = preSolution
		HideSolutionNode = FALSE
	EndGlobalSection
	GlobalSection(NestedProjects) = preSolution
		{3ECE59EA-2E2F-43A0-AF10-8589DDC752FF} = {8AEE1567-D861-4571-84CF-920E70E1EA96}
	EndGlobalSection
EndGlobal
